
Microsoft Visual Studio Solution File, Format Version 12.00
# Visual Studio Version 16
VisualStudioVersion = 16.0.33130.400
MinimumVisualStudioVersion = 10.0.40219.1
Project("{FAE04EC0-301F-11D3-BF4B-00C04F79EFBC}") = "DethiLapTop", "DethiLapTop\DethiLapTop.csproj", "{175E1744-AE17-47D2-BF05-7B443A0EBFD1}"
EndProject
Global
	GlobalSection(SolutionConfigurationPlatforms) = preSolution
		Debug|Any CPU = Debug|Any CPU
		Release|Any CPU = Release|Any CPU
	EndGlobalSection
	GlobalSection(ProjectConfigurationPlatforms) = postSolution
		{175E1744-AE17-47D2-BF05-7B443A0EBFD1}.Debug|Any CPU.ActiveCfg = Debug|Any CPU
		{175E1744-AE17-47D2-BF05-7B443A0EBFD1}.Debug|Any CPU.Build.0 = Debug|Any CPU
		{175E1744-AE17-47D2-BF05-7B443A0EBFD1}.Release|Any CPU.ActiveCfg = Release|Any CPU
		{175E1744-AE17-47D2-BF05-7B443A0EBFD1}.Release|Any CPU.Build.0 = Release|Any CPU
	EndGlobalSection
	GlobalSection(SolutionProperties) = preSolution
		HideSolutionNode = FALSE
	EndGlobalSection
	GlobalSection(ExtensibilityGlobals) = postSolution
		SolutionGuid = {4A45D0A6-3F36-4157-9813-FD075CD81FA7}
	EndGlobalSection
EndGlobal
