
Microsoft Visual Studio Solution File, Format Version 12.00
# Visual Studio Version 16
VisualStudioVersion = 16.0.33130.400
MinimumVisualStudioVersion = 10.0.40219.1
Project("{FAE04EC0-301F-11D3-BF4B-00C04F79EFBC}") = "Bai2", "Bai2\Bai2.csproj", "{C1E6F522-297E-451B-8955-2DBE9E434BC2}"
EndProject
Global
	GlobalSection(SolutionConfigurationPlatforms) = preSolution
		Debug|Any CPU = Debug|Any CPU
		Release|Any CPU = Release|Any CPU
	EndGlobalSection
	GlobalSection(ProjectConfigurationPlatforms) = postSolution
		{C1E6F522-297E-451B-8955-2DBE9E434BC2}.Debug|Any CPU.ActiveCfg = Debug|Any CPU
		{C1E6F522-297E-451B-8955-2DBE9E434BC2}.Debug|Any CPU.Build.0 = Debug|Any CPU
		{C1E6F522-297E-451B-8955-2DBE9E434BC2}.Release|Any CPU.ActiveCfg = Release|Any CPU
		{C1E6F522-297E-451B-8955-2DBE9E434BC2}.Release|Any CPU.Build.0 = Release|Any CPU
	EndGlobalSection
	GlobalSection(SolutionProperties) = preSolution
		HideSolutionNode = FALSE
	EndGlobalSection
	GlobalSection(ExtensibilityGlobals) = postSolution
		SolutionGuid = {B7D7E6DF-10F7-4883-B439-F674BB8ECF6D}
	EndGlobalSection
EndGlobal
